
Microsoft Visual Studio Solution File, Format Version 12.00
# Visual Studio 2013
VisualStudioVersion = 12.0.30110.0
MinimumVisualStudioVersion = 10.0.40219.1
Project("{2150E333-8FDC-42A3-9474-1A3956D46DE8}") = "Windows 8", "Windows 8", "{EAF0FD2F-FC79-4463-B605-3DD19CDB814B}"
EndProject
Project("{2150E333-8FDC-42A3-9474-1A3956D46DE8}") = "Windows Phone 8", "Windows Phone 8", "{8BF625E5-3FD7-4EF2-881E-63A5F439384E}"
EndProject
Project("{2150E333-8FDC-42A3-9474-1A3956D46DE8}") = "PCL", "PCL", "{E2D94C35-034C-4980-AA23-F69CC08B61F7}"
EndProject
Project("{FAE04EC0-301F-11D3-BF4B-00C04F79EFBC}") = "Models", "Model\Models.csproj", "{75396982-BEAD-4B32-BA52-E32DF5FD4231}"
EndProject
Project("{FAE04EC0-301F-11D3-BF4B-00C04F79EFBC}") = "Services", "Services\Services.csproj", "{38D311F5-4E05-45EB-BAC7-2FAD0BF36F94}"
EndProject
Project("{FAE04EC0-301F-11D3-BF4B-00C04F79EFBC}") = "SampleWindowsPhone8App", "SampleWindowsPhone8App\SampleWindowsPhone8App.csproj", "{57867170-F103-4FAF-AE7A-5D30057B121C}"
EndProject
Project("{FAE04EC0-301F-11D3-BF4B-00C04F79EFBC}") = "ServicesWindows8", "ServicesWindows8\ServicesWindows8.csproj", "{8EE72FBB-ACB0-4A23-9223-24F3D47D97C7}"
EndProject
Project("{FAE04EC0-301F-11D3-BF4B-00C04F79EFBC}") = "ServicesWindowsPhone8", "ServicesWindowsPhone8\ServicesWindowsPhone8.csproj", "{EF9D332A-0824-4B84-82FC-E4541AFEEBFB}"
EndProject
Project("{FAE04EC0-301F-11D3-BF4B-00C04F79EFBC}") = "SampleWindows8App", "SampleWindows8App\SampleWindows8App.csproj", "{1EAD6822-33AB-4AF3-93CA-1C087E1DA792}"
EndProject
Global
	GlobalSection(SolutionConfigurationPlatforms) = preSolution
		Debug|Any CPU = Debug|Any CPU
		Debug|ARM = Debug|ARM
		Debug|x64 = Debug|x64
		Debug|x86 = Debug|x86
		Release|Any CPU = Release|Any CPU
		Release|ARM = Release|ARM
		Release|x64 = Release|x64
		Release|x86 = Release|x86
	EndGlobalSection
	GlobalSection(ProjectConfigurationPlatforms) = postSolution
		{75396982-BEAD-4B32-BA52-E32DF5FD4231}.Debug|Any CPU.ActiveCfg = Debug|Any CPU
		{75396982-BEAD-4B32-BA52-E32DF5FD4231}.Debug|Any CPU.Build.0 = Debug|Any CPU
		{75396982-BEAD-4B32-BA52-E32DF5FD4231}.Debug|ARM.ActiveCfg = Debug|Any CPU
		{75396982-BEAD-4B32-BA52-E32DF5FD4231}.Debug|x64.ActiveCfg = Debug|Any CPU
		{75396982-BEAD-4B32-BA52-E32DF5FD4231}.Debug|x86.ActiveCfg = Debug|Any CPU
		{75396982-BEAD-4B32-BA52-E32DF5FD4231}.Release|Any CPU.ActiveCfg = Release|Any CPU
		{75396982-BEAD-4B32-BA52-E32DF5FD4231}.Release|Any CPU.Build.0 = Release|Any CPU
		{75396982-BEAD-4B32-BA52-E32DF5FD4231}.Release|ARM.ActiveCfg = Release|Any CPU
		{75396982-BEAD-4B32-BA52-E32DF5FD4231}.Release|x64.ActiveCfg = Release|Any CPU
		{75396982-BEAD-4B32-BA52-E32DF5FD4231}.Release|x86.ActiveCfg = Release|Any CPU
		{38D311F5-4E05-45EB-BAC7-2FAD0BF36F94}.Debug|Any CPU.ActiveCfg = Debug|Any CPU
		{38D311F5-4E05-45EB-BAC7-2FAD0BF36F94}.Debug|Any CPU.Build.0 = Debug|Any CPU
		{38D311F5-4E05-45EB-BAC7-2FAD0BF36F94}.Debug|ARM.ActiveCfg = Debug|Any CPU
		{38D311F5-4E05-45EB-BAC7-2FAD0BF36F94}.Debug|x64.ActiveCfg = Debug|Any CPU
		{38D311F5-4E05-45EB-BAC7-2FAD0BF36F94}.Debug|x86.ActiveCfg = Debug|Any CPU
		{38D311F5-4E05-45EB-BAC7-2FAD0BF36F94}.Release|Any CPU.ActiveCfg = Release|Any CPU
		{38D311F5-4E05-45EB-BAC7-2FAD0BF36F94}.Release|Any CPU.Build.0 = Release|Any CPU
		{38D311F5-4E05-45EB-BAC7-2FAD0BF36F94}.Release|ARM.ActiveCfg = Release|Any CPU
		{38D311F5-4E05-45EB-BAC7-2FAD0BF36F94}.Release|x64.ActiveCfg = Release|Any CPU
		{38D311F5-4E05-45EB-BAC7-2FAD0BF36F94}.Release|x86.ActiveCfg = Release|Any CPU
		{57867170-F103-4FAF-AE7A-5D30057B121C}.Debug|Any CPU.ActiveCfg = Debug|Any CPU
		{57867170-F103-4FAF-AE7A-5D30057B121C}.Debug|Any CPU.Build.0 = Debug|Any CPU
		{57867170-F103-4FAF-AE7A-5D30057B121C}.Debug|Any CPU.Deploy.0 = Debug|Any CPU
		{57867170-F103-4FAF-AE7A-5D30057B121C}.Debug|ARM.ActiveCfg = Debug|ARM
		{57867170-F103-4FAF-AE7A-5D30057B121C}.Debug|ARM.Build.0 = Debug|ARM
		{57867170-F103-4FAF-AE7A-5D30057B121C}.Debug|ARM.Deploy.0 = Debug|ARM
		{57867170-F103-4FAF-AE7A-5D30057B121C}.Debug|x64.ActiveCfg = Debug|Any CPU
		{57867170-F103-4FAF-AE7A-5D30057B121C}.Debug|x86.ActiveCfg = Debug|x86
		{57867170-F103-4FAF-AE7A-5D30057B121C}.Debug|x86.Build.0 = Debug|x86
		{57867170-F103-4FAF-AE7A-5D30057B121C}.Debug|x86.Deploy.0 = Debug|x86
		{57867170-F103-4FAF-AE7A-5D30057B121C}.Release|Any CPU.ActiveCfg = Release|Any CPU
		{57867170-F103-4FAF-AE7A-5D30057B121C}.Release|Any CPU.Build.0 = Release|Any CPU
		{57867170-F103-4FAF-AE7A-5D30057B121C}.Release|Any CPU.Deploy.0 = Release|Any CPU
		{57867170-F103-4FAF-AE7A-5D30057B121C}.Release|ARM.ActiveCfg = Release|ARM
		{57867170-F103-4FAF-AE7A-5D30057B121C}.Release|ARM.Build.0 = Release|ARM
		{57867170-F103-4FAF-AE7A-5D30057B121C}.Release|ARM.Deploy.0 = Release|ARM
		{57867170-F103-4FAF-AE7A-5D30057B121C}.Release|x64.ActiveCfg = Release|Any CPU
		{57867170-F103-4FAF-AE7A-5D30057B121C}.Release|x86.ActiveCfg = Release|x86
		{57867170-F103-4FAF-AE7A-5D30057B121C}.Release|x86.Build.0 = Release|x86
		{57867170-F103-4FAF-AE7A-5D30057B121C}.Release|x86.Deploy.0 = Release|x86
		{8EE72FBB-ACB0-4A23-9223-24F3D47D97C7}.Debug|Any CPU.ActiveCfg = Debug|Any CPU
		{8EE72FBB-ACB0-4A23-9223-24F3D47D97C7}.Debug|Any CPU.Build.0 = Debug|Any CPU
		{8EE72FBB-ACB0-4A23-9223-24F3D47D97C7}.Debug|ARM.ActiveCfg = Debug|ARM
		{8EE72FBB-ACB0-4A23-9223-24F3D47D97C7}.Debug|ARM.Build.0 = Debug|ARM
		{8EE72FBB-ACB0-4A23-9223-24F3D47D97C7}.Debug|x64.ActiveCfg = Debug|x64
		{8EE72FBB-ACB0-4A23-9223-24F3D47D97C7}.Debug|x64.Build.0 = Debug|x64
		{8EE72FBB-ACB0-4A23-9223-24F3D47D97C7}.Debug|x86.ActiveCfg = Debug|x86
		{8EE72FBB-ACB0-4A23-9223-24F3D47D97C7}.Debug|x86.Build.0 = Debug|x86
		{8EE72FBB-ACB0-4A23-9223-24F3D47D97C7}.Release|Any CPU.ActiveCfg = Release|Any CPU
		{8EE72FBB-ACB0-4A23-9223-24F3D47D97C7}.Release|Any CPU.Build.0 = Release|Any CPU
		{8EE72FBB-ACB0-4A23-9223-24F3D47D97C7}.Release|ARM.ActiveCfg = Release|ARM
		{8EE72FBB-ACB0-4A23-9223-24F3D47D97C7}.Release|ARM.Build.0 = Release|ARM
		{8EE72FBB-ACB0-4A23-9223-24F3D47D97C7}.Release|x64.ActiveCfg = Release|x64
		{8EE72FBB-ACB0-4A23-9223-24F3D47D97C7}.Release|x64.Build.0 = Release|x64
		{8EE72FBB-ACB0-4A23-9223-24F3D47D97C7}.Release|x86.ActiveCfg = Release|x86
		{8EE72FBB-ACB0-4A23-9223-24F3D47D97C7}.Release|x86.Build.0 = Release|x86
		{EF9D332A-0824-4B84-82FC-E4541AFEEBFB}.Debug|Any CPU.ActiveCfg = Debug|Any CPU
		{EF9D332A-0824-4B84-82FC-E4541AFEEBFB}.Debug|Any CPU.Build.0 = Debug|Any CPU
		{EF9D332A-0824-4B84-82FC-E4541AFEEBFB}.Debug|ARM.ActiveCfg = Debug|ARM
		{EF9D332A-0824-4B84-82FC-E4541AFEEBFB}.Debug|ARM.Build.0 = Debug|ARM
		{EF9D332A-0824-4B84-82FC-E4541AFEEBFB}.Debug|x64.ActiveCfg = Debug|Any CPU
		{EF9D332A-0824-4B84-82FC-E4541AFEEBFB}.Debug|x86.ActiveCfg = Debug|x86
		{EF9D332A-0824-4B84-82FC-E4541AFEEBFB}.Debug|x86.Build.0 = Debug|x86
		{EF9D332A-0824-4B84-82FC-E4541AFEEBFB}.Release|Any CPU.ActiveCfg = Release|Any CPU
		{EF9D332A-0824-4B84-82FC-E4541AFEEBFB}.Release|Any CPU.Build.0 = Release|Any CPU
		{EF9D332A-0824-4B84-82FC-E4541AFEEBFB}.Release|ARM.ActiveCfg = Release|ARM
		{EF9D332A-0824-4B84-82FC-E4541AFEEBFB}.Release|ARM.Build.0 = Release|ARM
		{EF9D332A-0824-4B84-82FC-E4541AFEEBFB}.Release|x64.ActiveCfg = Release|Any CPU
		{EF9D332A-0824-4B84-82FC-E4541AFEEBFB}.Release|x86.ActiveCfg = Release|x86
		{EF9D332A-0824-4B84-82FC-E4541AFEEBFB}.Release|x86.Build.0 = Release|x86
		{1EAD6822-33AB-4AF3-93CA-1C087E1DA792}.Debug|Any CPU.ActiveCfg = Debug|Any CPU
		{1EAD6822-33AB-4AF3-93CA-1C087E1DA792}.Debug|Any CPU.Build.0 = Debug|Any CPU
		{1EAD6822-33AB-4AF3-93CA-1C087E1DA792}.Debug|Any CPU.Deploy.0 = Debug|Any CPU
		{1EAD6822-33AB-4AF3-93CA-1C087E1DA792}.Debug|ARM.ActiveCfg = Debug|ARM
		{1EAD6822-33AB-4AF3-93CA-1C087E1DA792}.Debug|ARM.Build.0 = Debug|ARM
		{1EAD6822-33AB-4AF3-93CA-1C087E1DA792}.Debug|ARM.Deploy.0 = Debug|ARM
		{1EAD6822-33AB-4AF3-93CA-1C087E1DA792}.Debug|x64.ActiveCfg = Debug|x64
		{1EAD6822-33AB-4AF3-93CA-1C087E1DA792}.Debug|x64.Build.0 = Debug|x64
		{1EAD6822-33AB-4AF3-93CA-1C087E1DA792}.Debug|x64.Deploy.0 = Debug|x64
		{1EAD6822-33AB-4AF3-93CA-1C087E1DA792}.Debug|x86.ActiveCfg = Debug|x86
		{1EAD6822-33AB-4AF3-93CA-1C087E1DA792}.Debug|x86.Build.0 = Debug|x86
		{1EAD6822-33AB-4AF3-93CA-1C087E1DA792}.Debug|x86.Deploy.0 = Debug|x86
		{1EAD6822-33AB-4AF3-93CA-1C087E1DA792}.Release|Any CPU.ActiveCfg = Release|Any CPU
		{1EAD6822-33AB-4AF3-93CA-1C087E1DA792}.Release|Any CPU.Build.0 = Release|Any CPU
		{1EAD6822-33AB-4AF3-93CA-1C087E1DA792}.Release|Any CPU.Deploy.0 = Release|Any CPU
		{1EAD6822-33AB-4AF3-93CA-1C087E1DA792}.Release|ARM.ActiveCfg = Release|ARM
		{1EAD6822-33AB-4AF3-93CA-1C087E1DA792}.Release|ARM.Build.0 = Release|ARM
		{1EAD6822-33AB-4AF3-93CA-1C087E1DA792}.Release|ARM.Deploy.0 = Release|ARM
		{1EAD6822-33AB-4AF3-93CA-1C087E1DA792}.Release|x64.ActiveCfg = Release|x64
		{1EAD6822-33AB-4AF3-93CA-1C087E1DA792}.Release|x64.Build.0 = Release|x64
		{1EAD6822-33AB-4AF3-93CA-1C087E1DA792}.Release|x64.Deploy.0 = Release|x64
		{1EAD6822-33AB-4AF3-93CA-1C087E1DA792}.Release|x86.ActiveCfg = Release|x86
		{1EAD6822-33AB-4AF3-93CA-1C087E1DA792}.Release|x86.Build.0 = Release|x86
		{1EAD6822-33AB-4AF3-93CA-1C087E1DA792}.Release|x86.Deploy.0 = Release|x86
	EndGlobalSection
	GlobalSection(SolutionProperties) = preSolution
		HideSolutionNode = FALSE
	EndGlobalSection
	GlobalSection(NestedProjects) = preSolution
		{8EE72FBB-ACB0-4A23-9223-24F3D47D97C7} = {EAF0FD2F-FC79-4463-B605-3DD19CDB814B}
		{1EAD6822-33AB-4AF3-93CA-1C087E1DA792} = {EAF0FD2F-FC79-4463-B605-3DD19CDB814B}
		{57867170-F103-4FAF-AE7A-5D30057B121C} = {8BF625E5-3FD7-4EF2-881E-63A5F439384E}
		{EF9D332A-0824-4B84-82FC-E4541AFEEBFB} = {8BF625E5-3FD7-4EF2-881E-63A5F439384E}
		{75396982-BEAD-4B32-BA52-E32DF5FD4231} = {E2D94C35-034C-4980-AA23-F69CC08B61F7}
		{38D311F5-4E05-45EB-BAC7-2FAD0BF36F94} = {E2D94C35-034C-4980-AA23-F69CC08B61F7}
	EndGlobalSection
EndGlobal
